<?xml version="1.0" encoding="utf-8"?>
<Project ToolsVersion="4.0" xmlns="http://schemas.microsoft.com/developer/msbuild/2003">
  <ItemGroup>
    <Filter Include="Khagta">
      <UniqueIdentifier>{95D662BE-8178-8D94-6A33-A1E8567414E5}</UniqueIdentifier>
    </Filter>
    <Filter Include="Khagta\Events">
      <UniqueIdentifier>{D9A8DCD1-4569-5808-0EA4-A1857A239DE4}</UniqueIdentifier>
    </Filter>
    <Filter Include="Platform">
      <UniqueIdentifier>{2AC788B4-1694-E3BF-3FAD-D1672BD9184E}</UniqueIdentifier>
    </Filter>
  </ItemGroup>
  <ItemGroup>
    <ClInclude Include="src\Khagta.h" />
    <ClInclude Include="src\Khagta\Application.h">
      <Filter>Khagta</Filter>
    </ClInclude>
    <ClInclude Include="src\Khagta\Core.h">
      <Filter>Khagta</Filter>
    </ClInclude>
    <ClInclude Include="src\Khagta\EntryPoint.h">
      <Filter>Khagta</Filter>
    </ClInclude>
    <ClInclude Include="src\Khagta\Events\ApplicationEvent.h">
      <Filter>Khagta\Events</Filter>
    </ClInclude>
    <ClInclude Include="src\Khagta\Events\Event.h">
      <Filter>Khagta\Events</Filter>
    </ClInclude>
    <ClInclude Include="src\Khagta\Events\KeyEvent.h">
      <Filter>Khagta\Events</Filter>
    </ClInclude>
    <ClInclude Include="src\Khagta\Events\MouseEvent.h">
      <Filter>Khagta\Events</Filter>
    </ClInclude>
    <ClInclude Include="src\Khagta\Log.h">
      <Filter>Khagta</Filter>
    </ClInclude>
    <ClInclude Include="src\Khagta\Window.h">
      <Filter>Khagta</Filter>
    </ClInclude>
    <ClInclude Include="src\Platform\WindowsWindow.h">
      <Filter>Platform</Filter>
    </ClInclude>
    <ClInclude Include="src\kgpch.h" />
  </ItemGroup>
  <ItemGroup>
    <ClCompile Include="src\Khagta\Application.cpp">
      <Filter>Khagta</Filter>
    </ClCompile>
    <ClCompile Include="src\Khagta\Log.cpp">
      <Filter>Khagta</Filter>
    </ClCompile>
    <ClCompile Include="src\Platform\WindowsWindow.cpp">
      <Filter>Platform</Filter>
    </ClCompile>
    <ClCompile Include="src\kgpch.cpp" />
  </ItemGroup>
</Project>